// !$*UTF8*$!
{
	archiveVersion = 1;
	classes = {
	};
	objectVersion = 46;
	objects = {

/* Begin PBXBuildFile section */
		61BC405A16490B4500BCC90B /* UIKit.framework in Frameworks */ = {isa = PBXBuildFile; fileRef = 61BC405916490B4500BCC90B /* UIKit.framework */; };
		61BC405C16490B4500BCC90B /* Foundation.framework in Frameworks */ = {isa = PBXBuildFile; fileRef = 61BC405B16490B4500BCC90B /* Foundation.framework */; };
		61BC405E16490B4500BCC90B /* CoreGraphics.framework in Frameworks */ = {isa = PBXBuildFile; fileRef = 61BC405D16490B4500BCC90B /* CoreGraphics.framework */; };
		61BC406416490B4500BCC90B /* InfoPlist.strings in Resources */ = {isa = PBXBuildFile; fileRef = 61BC406216490B4500BCC90B /* InfoPlist.strings */; };
		61BC406616490B4500BCC90B /* main.m in Sources */ = {isa = PBXBuildFile; fileRef = 61BC406516490B4500BCC90B /* main.m */; };
		61BC407516490B9100BCC90B /* BiggerView.m in Sources */ = {isa = PBXBuildFile; fileRef = 61BC407116490B9100BCC90B /* BiggerView.m */; };
		61BC407616490B9100BCC90B /* PanningViewController.m in Sources */ = {isa = PBXBuildFile; fileRef = 61BC407316490B9100BCC90B /* PanningViewController.m */; };
		61BC407716490B9100BCC90B /* PanningViewController.xib in Resources */ = {isa = PBXBuildFile; fileRef = 61BC407416490B9100BCC90B /* PanningViewController.xib */; };
		61BC407A16490BA700BCC90B /* AppDelegate.m in Sources */ = {isa = PBXBuildFile; fileRef = 61BC407916490BA700BCC90B /* AppDelegate.m */; };
/* End PBXBuildFile section */

/* Begin PBXFileReference section */
		61BC405516490B4500BCC90B /* ViewPanning1.app */ = {isa = PBXFileReference; explicitFileType = wrapper.application; includeInIndex = 0; path = ViewPanning1.app; sourceTree = BUILT_PRODUCTS_DIR; };
		61BC405916490B4500BCC90B /* UIKit.framework */ = {isa = PBXFileReference; lastKnownFileType = wrapper.framework; name = UIKit.framework; path = System/Library/Frameworks/UIKit.framework; sourceTree = SDKROOT; };
		61BC405B16490B4500BCC90B /* Foundation.framework */ = {isa = PBXFileReference; lastKnownFileType = wrapper.framework; name = Foundation.framework; path = System/Library/Frameworks/Foundation.framework; sourceTree = SDKROOT; };
		61BC405D16490B4500BCC90B /* CoreGraphics.framework */ = {isa = PBXFileReference; lastKnownFileType = wrapper.framework; name = CoreGraphics.framework; path = System/Library/Frameworks/CoreGraphics.framework; sourceTree = SDKROOT; };
		61BC406116490B4500BCC90B /* ViewPanning1-Info.plist */ = {isa = PBXFileReference; lastKnownFileType = text.plist.xml; path = "ViewPanning1-Info.plist"; sourceTree = "<group>"; };
		61BC406316490B4500BCC90B /* en */ = {isa = PBXFileReference; lastKnownFileType = text.plist.strings; name = en; path = en.lproj/InfoPlist.strings; sourceTree = "<group>"; };
		61BC406516490B4500BCC90B /* main.m */ = {isa = PBXFileReference; lastKnownFileType = sourcecode.c.objc; path = main.m; sourceTree = "<group>"; };
		61BC406716490B4500BCC90B /* ViewPanning1-Prefix.pch */ = {isa = PBXFileReference; lastKnownFileType = sourcecode.c.h; path = "ViewPanning1-Prefix.pch"; sourceTree = "<group>"; };
		61BC407016490B9100BCC90B /* BiggerView.h */ = {isa = PBXFileReference; fileEncoding = 4; lastKnownFileType = sourcecode.c.h; path = BiggerView.h; sourceTree = "<group>"; };
		61BC407116490B9100BCC90B /* BiggerView.m */ = {isa = PBXFileReference; fileEncoding = 4; lastKnownFileType = sourcecode.c.objc; path = BiggerView.m; sourceTree = "<group>"; };
		61BC407216490B9100BCC90B /* PanningViewController.h */ = {isa = PBXFileReference; fileEncoding = 4; lastKnownFileType = sourcecode.c.h; path = PanningViewController.h; sourceTree = "<group>"; };
		61BC407316490B9100BCC90B /* PanningViewController.m */ = {isa = PBXFileReference; fileEncoding = 4; lastKnownFileType = sourcecode.c.objc; path = PanningViewController.m; sourceTree = "<group>"; };
		61BC407416490B9100BCC90B /* PanningViewController.xib */ = {isa = PBXFileReference; fileEncoding = 4; lastKnownFileType = file.xib; path = PanningViewController.xib; sourceTree = "<group>"; };
		61BC407816490BA700BCC90B /* AppDelegate.h */ = {isa = PBXFileReference; fileEncoding = 4; lastKnownFileType = sourcecode.c.h; path = AppDelegate.h; sourceTree = "<group>"; };
		61BC407916490BA700BCC90B /* AppDelegate.m */ = {isa = PBXFileReference; fileEncoding = 4; lastKnownFileType = sourcecode.c.objc; path = AppDelegate.m; sourceTree = "<group>"; };
/* End PBXFileReference section */

/* Begin PBXFrameworksBuildPhase section */
		61BC405216490B4500BCC90B /* Frameworks */ = {
			isa = PBXFrameworksBuildPhase;
			buildActionMask = 2147483647;
			files = (
				61BC405A16490B4500BCC90B /* UIKit.framework in Frameworks */,
				61BC405C16490B4500BCC90B /* Foundation.framework in Frameworks */,
				61BC405E16490B4500BCC90B /* CoreGraphics.framework in Frameworks */,
			);
			runOnlyForDeploymentPostprocessing = 0;
		};
/* End PBXFrameworksBuildPhase section */

/* Begin PBXGroup section */
		61BC404A16490B4500BCC90B = {
			isa = PBXGroup;
			children = (
				61BC405F16490B4500BCC90B /* ViewPanning1 */,
				61BC405816490B4500BCC90B /* Frameworks */,
				61BC405616490B4500BCC90B /* Products */,
			);
			sourceTree = "<group>";
		};
		61BC405616490B4500BCC90B /* Products */ = {
			isa = PBXGroup;
			children = (
				61BC405516490B4500BCC90B /* ViewPanning1.app */,
			);
			name = Products;
			sourceTree = "<group>";
		};
		61BC405816490B4500BCC90B /* Frameworks */ = {
			isa = PBXGroup;
			children = (
				61BC405916490B4500BCC90B /* UIKit.framework */,
				61BC405B16490B4500BCC90B /* Foundation.framework */,
				61BC405D16490B4500BCC90B /* CoreGraphics.framework */,
			);
			name = Frameworks;
			sourceTree = "<group>";
		};
		61BC405F16490B4500BCC90B /* ViewPanning1 */ = {
			isa = PBXGroup;
			children = (
				61BC407816490BA700BCC90B /* AppDelegate.h */,
				61BC407916490BA700BCC90B /* AppDelegate.m */,
				61BC407016490B9100BCC90B /* BiggerView.h */,
				61BC407116490B9100BCC90B /* BiggerView.m */,
				61BC407216490B9100BCC90B /* PanningViewController.h */,
				61BC407316490B9100BCC90B /* PanningViewController.m */,
				61BC407416490B9100BCC90B /* PanningViewController.xib */,
				61BC406016490B4500BCC90B /* Supporting Files */,
			);
			path = ViewPanning1;
			sourceTree = "<group>";
		};
		61BC406016490B4500BCC90B /* Supporting Files */ = {
			isa = PBXGroup;
			children = (
				61BC406116490B4500BCC90B /* ViewPanning1-Info.plist */,
				61BC406216490B4500BCC90B /* InfoPlist.strings */,
				61BC406516490B4500BCC90B /* main.m */,
				61BC406716490B4500BCC90B /* ViewPanning1-Prefix.pch */,
			);
			name = "Supporting Files";
			sourceTree = "<group>";
		};
/* End PBXGroup section */

/* Begin PBXNativeTarget section */
		61BC405416490B4500BCC90B /* ViewPanning1 */ = {
			isa = PBXNativeTarget;
			buildConfigurationList = 61BC406D16490B4500BCC90B /* Build configuration list for PBXNativeTarget "ViewPanning1" */;
			buildPhases = (
				61BC405116490B4500BCC90B /* Sources */,
				61BC405216490B4500BCC90B /* Frameworks */,
				61BC405316490B4500BCC90B /* Resources */,
			);
			buildRules = (
			);
			dependencies = (
			);
			name = ViewPanning1;
			productName = ViewPanning1;
			productReference = 61BC405516490B4500BCC90B /* ViewPanning1.app */;
			productType = "com.apple.product-type.application";
		};
/* End PBXNativeTarget section */

/* Begin PBXProject section */
		61BC404C16490B4500BCC90B /* Project object */ = {
			isa = PBXProject;
			attributes = {
				LastUpgradeCheck = 0420;
				ORGANIZATIONNAME = "sanghichetan@yahoo.com";
			};
			buildConfigurationList = 61BC404F16490B4500BCC90B /* Build configuration list for PBXProject "ViewPanning1" */;
			compatibilityVersion = "Xcode 3.2";
			developmentRegion = English;
			hasScannedForEncodings = 0;
			knownRegions = (
				en,
			);
			mainGroup = 61BC404A16490B4500BCC90B;
			productRefGroup = 61BC405616490B4500BCC90B /* Products */;
			projectDirPath = "";
			projectRoot = "";
			targets = (
				61BC405416490B4500BCC90B /* ViewPanning1 */,
			);
		};
/* End PBXProject section */

/* Begin PBXResourcesBuildPhase section */
		61BC405316490B4500BCC90B /* Resources */ = {
			isa = PBXResourcesBuildPhase;
			buildActionMask = 2147483647;
			files = (
				61BC406416490B4500BCC90B /* InfoPlist.strings in Resources */,
				61BC407716490B9100BCC90B /* PanningViewController.xib in Resources */,
			);
			runOnlyForDeploymentPostprocessing = 0;
		};
/* End PBXResourcesBuildPhase section */

/* Begin PBXSourcesBuildPhase section */
		61BC405116490B4500BCC90B /* Sources */ = {
			isa = PBXSourcesBuildPhase;
			buildActionMask = 2147483647;
			files = (
				61BC406616490B4500BCC90B /* main.m in Sources */,
				61BC407516490B9100BCC90B /* BiggerView.m in Sources */,
				61BC407616490B9100BCC90B /* PanningViewController.m in Sources */,
				61BC407A16490BA700BCC90B /* AppDelegate.m in Sources */,
			);
			runOnlyForDeploymentPostprocessing = 0;
		};
/* End PBXSourcesBuildPhase section */

/* Begin PBXVariantGroup section */
		61BC406216490B4500BCC90B /* InfoPlist.strings */ = {
			isa = PBXVariantGroup;
			children = (
				61BC406316490B4500BCC90B /* en */,
			);
			name = InfoPlist.strings;
			sourceTree = "<group>";
		};
/* End PBXVariantGroup section */

/* Begin XCBuildConfiguration section */
		61BC406B16490B4500BCC90B /* Debug */ = {
			isa = XCBuildConfiguration;
			buildSettings = {
				ALWAYS_SEARCH_USER_PATHS = NO;
				ARCHS = "$(ARCHS_STANDARD_32_BIT)";
				CLANG_ENABLE_OBJC_ARC = YES;
				"CODE_SIGN_IDENTITY[sdk=iphoneos*]" = "iPhone Developer";
				COPY_PHASE_STRIP = NO;
				GCC_C_LANGUAGE_STANDARD = gnu99;
				GCC_DYNAMIC_NO_PIC = NO;
				GCC_OPTIMIZATION_LEVEL = 0;
				GCC_PREPROCESSOR_DEFINITIONS = (
					"DEBUG=1",
					"$(inherited)",
				);
				GCC_SYMBOLS_PRIVATE_EXTERN = NO;
				GCC_VERSION = com.apple.compilers.llvm.clang.1_0;
				GCC_WARN_ABOUT_MISSING_PROTOTYPES = YES;
				GCC_WARN_ABOUT_RETURN_TYPE = YES;
				GCC_WARN_UNUSED_VARIABLE = YES;
				IPHONEOS_DEPLOYMENT_TARGET = 5.0;
				SDKROOT = iphoneos;
			};
			name = Debug;
		};
		61BC406C16490B4500BCC90B /* Release */ = {
			isa = XCBuildConfiguration;
			buildSettings = {
				ALWAYS_SEARCH_USER_PATHS = NO;
				ARCHS = "$(ARCHS_STANDARD_32_BIT)";
				CLANG_ENABLE_OBJC_ARC = YES;
				"CODE_SIGN_IDENTITY[sdk=iphoneos*]" = "iPhone Developer";
				COPY_PHASE_STRIP = YES;
				GCC_C_LANGUAGE_STANDARD = gnu99;
				GCC_VERSION = com.apple.compilers.llvm.clang.1_0;
				GCC_WARN_ABOUT_MISSING_PROTOTYPES = YES;
				GCC_WARN_ABOUT_RETURN_TYPE = YES;
				GCC_WARN_UNUSED_VARIABLE = YES;
				IPHONEOS_DEPLOYMENT_TARGET = 5.0;
				OTHER_CFLAGS = "-DNS_BLOCK_ASSERTIONS=1";
				SDKROOT = iphoneos;
				VALIDATE_PRODUCT = YES;
			};
			name = Release;
		};
		61BC406E16490B4500BCC90B /* Debug */ = {
			isa = XCBuildConfiguration;
			buildSettings = {
				GCC_PRECOMPILE_PREFIX_HEADER = YES;
				GCC_PREFIX_HEADER = "ViewPanning1/ViewPanning1-Prefix.pch";
				INFOPLIST_FILE = "ViewPanning1/ViewPanning1-Info.plist";
				PRODUCT_NAME = "$(TARGET_NAME)";
				WRAPPER_EXTENSION = app;
			};
			name = Debug;
		};
		61BC406F16490B4500BCC90B /* Release */ = {
			isa = XCBuildConfiguration;
			buildSettings = {
				GCC_PRECOMPILE_PREFIX_HEADER = YES;
				GCC_PREFIX_HEADER = "ViewPanning1/ViewPanning1-Prefix.pch";
				INFOPLIST_FILE = "ViewPanning1/ViewPanning1-Info.plist";
				PRODUCT_NAME = "$(TARGET_NAME)";
				WRAPPER_EXTENSION = app;
			};
			name = Release;
		};
/* End XCBuildConfiguration section */

/* Begin XCConfigurationList section */
		61BC404F16490B4500BCC90B /* Build configuration list for PBXProject "ViewPanning1" */ = {
			isa = XCConfigurationList;
			buildConfigurations = (
				61BC406B16490B4500BCC90B /* Debug */,
				61BC406C16490B4500BCC90B /* Release */,
			);
			defaultConfigurationIsVisible = 0;
			defaultConfigurationName = Release;
		};
		61BC406D16490B4500BCC90B /* Build configuration list for PBXNativeTarget "ViewPanning1" */ = {
			isa = XCConfigurationList;
			buildConfigurations = (
				61BC406E16490B4500BCC90B /* Debug */,
				61BC406F16490B4500BCC90B /* Release */,
			);
			defaultConfigurationIsVisible = 0;
		};
/* End XCConfigurationList section */
	};
	rootObject = 61BC404C16490B4500BCC90B /* Project object */;
}
